
Microsoft Visual Studio Solution File, Format Version 12.00
# Visual Studio 14
VisualStudioVersion = 14.0.25420.1
MinimumVisualStudioVersion = 10.0.40219.1
Project("{FAE04EC0-301F-11D3-BF4B-00C04F79EFBC}") = "EducacionAvanzada.Web", "EducacionAvanzada.Web\EducacionAvanzada.Web.csproj", "{D046C15A-7A41-4B06-A4AF-96D8D6D1F818}"
EndProject
Project("{FAE04EC0-301F-11D3-BF4B-00C04F79EFBC}") = "EducacionAvanzada.Win", "EducacionAvanzada.Win\EducacionAvanzada.Win.csproj", "{84B31DD6-C391-4AE6-9DB2-5AA63F93EBA6}"
EndProject
Project("{FAE04EC0-301F-11D3-BF4B-00C04F79EFBC}") = "EducacionAvanzada.BL", "EducacionAvanzada.BL\EducacionAvanzada.BL.csproj", "{7C505132-3382-463C-8771-F8711AA30989}"
EndProject
Project("{FAE04EC0-301F-11D3-BF4B-00C04F79EFBC}") = "EducacionAvanzada.WebAdmin", "EducacionAvanzada.WebAdmin\EducacionAvanzada.WebAdmin.csproj", "{9C90514F-A9C5-4527-8319-0CD10F87C27D}"
EndProject
Project("{FAE04EC0-301F-11D3-BF4B-00C04F79EFBC}") = "EducacionAvanzada.WebProfesor", "EducacionAvanzada.WebProfesor\EducacionAvanzada.WebProfesor.csproj", "{ACCE4625-F46B-4CA0-9F06-2014F9F4F8E5}"
EndProject
Global
	GlobalSection(SolutionConfigurationPlatforms) = preSolution
		Debug|Any CPU = Debug|Any CPU
		Release|Any CPU = Release|Any CPU
	EndGlobalSection
	GlobalSection(ProjectConfigurationPlatforms) = postSolution
		{D046C15A-7A41-4B06-A4AF-96D8D6D1F818}.Debug|Any CPU.ActiveCfg = Debug|Any CPU
		{D046C15A-7A41-4B06-A4AF-96D8D6D1F818}.Debug|Any CPU.Build.0 = Debug|Any CPU
		{D046C15A-7A41-4B06-A4AF-96D8D6D1F818}.Release|Any CPU.ActiveCfg = Release|Any CPU
		{D046C15A-7A41-4B06-A4AF-96D8D6D1F818}.Release|Any CPU.Build.0 = Release|Any CPU
		{84B31DD6-C391-4AE6-9DB2-5AA63F93EBA6}.Debug|Any CPU.ActiveCfg = Debug|Any CPU
		{84B31DD6-C391-4AE6-9DB2-5AA63F93EBA6}.Debug|Any CPU.Build.0 = Debug|Any CPU
		{84B31DD6-C391-4AE6-9DB2-5AA63F93EBA6}.Release|Any CPU.ActiveCfg = Release|Any CPU
		{84B31DD6-C391-4AE6-9DB2-5AA63F93EBA6}.Release|Any CPU.Build.0 = Release|Any CPU
		{7C505132-3382-463C-8771-F8711AA30989}.Debug|Any CPU.ActiveCfg = Debug|Any CPU
		{7C505132-3382-463C-8771-F8711AA30989}.Debug|Any CPU.Build.0 = Debug|Any CPU
		{7C505132-3382-463C-8771-F8711AA30989}.Release|Any CPU.ActiveCfg = Release|Any CPU
		{7C505132-3382-463C-8771-F8711AA30989}.Release|Any CPU.Build.0 = Release|Any CPU
		{9C90514F-A9C5-4527-8319-0CD10F87C27D}.Debug|Any CPU.ActiveCfg = Debug|Any CPU
		{9C90514F-A9C5-4527-8319-0CD10F87C27D}.Debug|Any CPU.Build.0 = Debug|Any CPU
		{9C90514F-A9C5-4527-8319-0CD10F87C27D}.Release|Any CPU.ActiveCfg = Release|Any CPU
		{9C90514F-A9C5-4527-8319-0CD10F87C27D}.Release|Any CPU.Build.0 = Release|Any CPU
		{ACCE4625-F46B-4CA0-9F06-2014F9F4F8E5}.Debug|Any CPU.ActiveCfg = Debug|Any CPU
		{ACCE4625-F46B-4CA0-9F06-2014F9F4F8E5}.Debug|Any CPU.Build.0 = Debug|Any CPU
		{ACCE4625-F46B-4CA0-9F06-2014F9F4F8E5}.Release|Any CPU.ActiveCfg = Release|Any CPU
		{ACCE4625-F46B-4CA0-9F06-2014F9F4F8E5}.Release|Any CPU.Build.0 = Release|Any CPU
	EndGlobalSection
	GlobalSection(SolutionProperties) = preSolution
		HideSolutionNode = FALSE
	EndGlobalSection
EndGlobal
